
Microsoft Visual Studio Solution File, Format Version 12.00
# Visual Studio Version 17
VisualStudioVersion = 17.8.34408.163
MinimumVisualStudioVersion = 10.0.40219.1
Project("{FAE04EC0-301F-11D3-BF4B-00C04F79EFBC}") = "MyTimerTrigger", "MyTimerTrigger\MyTimerTrigger.csproj", "{9D2D590F-30FB-47C9-B2DE-2EBFBBCBD921}"
EndProject
Global
	GlobalSection(SolutionConfigurationPlatforms) = preSolution
		Debug|Any CPU = Debug|Any CPU
		Release|Any CPU = Release|Any CPU
	EndGlobalSection
	GlobalSection(ProjectConfigurationPlatforms) = postSolution
		{9D2D590F-30FB-47C9-B2DE-2EBFBBCBD921}.Debug|Any CPU.ActiveCfg = Debug|Any CPU
		{9D2D590F-30FB-47C9-B2DE-2EBFBBCBD921}.Debug|Any CPU.Build.0 = Debug|Any CPU
		{9D2D590F-30FB-47C9-B2DE-2EBFBBCBD921}.Release|Any CPU.ActiveCfg = Release|Any CPU
		{9D2D590F-30FB-47C9-B2DE-2EBFBBCBD921}.Release|Any CPU.Build.0 = Release|Any CPU
	EndGlobalSection
	GlobalSection(SolutionProperties) = preSolution
		HideSolutionNode = FALSE
	EndGlobalSection
	GlobalSection(ExtensibilityGlobals) = postSolution
		SolutionGuid = {AADAF7C6-AB96-414D-81EB-FAD1318435A6}
	EndGlobalSection
EndGlobal
